<?xml version="1.0" encoding="UTF-8" standalone="yes" ?>
<CodeBlocks_project_file>
	<FileVersion major="1" minor="6" />
	<Project>
		<Option title="CB_ADOLC_PF" />
		<Option pch_mode="2" />
		<Option compiler="gcc" />
		<Build>
			<Target title="Debug">
				<Option output="bin/Debug/CB_ADOLC_PF" prefix_auto="1" extension_auto="1" />
				<Option object_output="obj/Debug/" />
				<Option type="1" />
				<Option compiler="gcc" />
				<Compiler>
					<Add option="-g" />
					<Add directory="D:/Lib/boost_1_52_0" />
					<Add directory="D:/MyPro/CB_ADOLC_PF/src" />
					<Add directory="D:/Lib/eigen" />
					<Add directory="D:/Lib/ADOL-C-GCC/library/include" />
					<Add directory="D:/Lib/SuitSparseLib/include" />
				</Compiler>
				<Linker>
					<Add library="D:\Lib\ADOL-C-GCC\library\lib\libadolc.a" />
					<Add library="D:\Lib\ColPack-GCC\lib\libColPack.a" />
					<Add library="D:\Lib\SuitSparseLib\libklu.a" />
					<Add library="D:\Lib\SuitSparseLib\libamd.a" />
					<Add library="D:\Lib\SuitSparseLib\libbtf.a" />
					<Add library="D:\Lib\SuitSparseLib\libccolamd.a" />
					<Add library="D:\Lib\SuitSparseLib\libcamd.a" />
					<Add library="D:\Lib\SuitSparseLib\libcolamd.a" />
				</Linker>
			</Target>
			<Target title="Release">
				<Option output="bin/Release/CB_ADOLC_PF" prefix_auto="1" extension_auto="1" />
				<Option object_output="obj/Release/" />
				<Option type="1" />
				<Option compiler="gcc" />
				<Compiler>
					<Add option="-O2" />
				</Compiler>
				<Linker>
					<Add option="-s" />
				</Linker>
			</Target>
		</Build>
		<Compiler>
			<Add option="-Wall" />
			<Add option="-fexceptions" />
		</Compiler>
		<Unit filename="main.cpp" />
		<Unit filename="src/abstractreader.cpp" />
		<Unit filename="src/abstractreader.h" />
		<Unit filename="src/adolc_addtional_support.h" />
		<Unit filename="src/commonstructure.h" />
		<Unit filename="src/ipsotextreader.cpp" />
		<Unit filename="src/ipsotextreader.h" />
		<Unit filename="src/pfjacobian.cpp" />
		<Unit filename="src/pfjacobian.h" />
		<Unit filename="src/powerflow.cpp" />
		<Unit filename="src/powerflow.h" />
		<Unit filename="src/solve.cpp" />
		<Unit filename="src/solve.h" />
		<Unit filename="src/ymatrix.cpp" />
		<Unit filename="src/ymatrix.h" />
		<Extensions>
			<code_completion />
			<envvars />
			<debugger />
			<lib_finder disable_auto="1" />
			<DoxyBlocks>
				<comment_style block="0" line="0" />
				<doxyfile_project />
				<doxyfile_build />
				<doxyfile_warnings />
				<doxyfile_output />
				<doxyfile_dot />
				<general />
			</DoxyBlocks>
		</Extensions>
	</Project>
</CodeBlocks_project_file>
